
Microsoft Visual Studio Solution File, Format Version 12.00
# Visual Studio Version 16
VisualStudioVersion = 16.0.30804.86
MinimumVisualStudioVersion = 10.0.40219.1
Project("{9A19103F-16F7-4668-BE54-9A1E7A4F7556}") = "Herciu_Norbert_Lab10", "Herciu_Norbert_Lab10.csproj", "{12E9CC0E-4701-46E8-A549-0579D58E89A6}"
EndProject
Project("{FAE04EC0-301F-11D3-BF4B-00C04F79EFBC}") = "gRPCClient", "..\gRPCClient\gRPCClient.csproj", "{EF34909C-0F87-4834-A7A6-0A37D68FFB1D}"
EndProject
Global
	GlobalSection(SolutionConfigurationPlatforms) = preSolution
		Debug|Any CPU = Debug|Any CPU
		Release|Any CPU = Release|Any CPU
	EndGlobalSection
	GlobalSection(ProjectConfigurationPlatforms) = postSolution
		{12E9CC0E-4701-46E8-A549-0579D58E89A6}.Debug|Any CPU.ActiveCfg = Debug|Any CPU
		{12E9CC0E-4701-46E8-A549-0579D58E89A6}.Debug|Any CPU.Build.0 = Debug|Any CPU
		{12E9CC0E-4701-46E8-A549-0579D58E89A6}.Release|Any CPU.ActiveCfg = Release|Any CPU
		{12E9CC0E-4701-46E8-A549-0579D58E89A6}.Release|Any CPU.Build.0 = Release|Any CPU
		{EF34909C-0F87-4834-A7A6-0A37D68FFB1D}.Debug|Any CPU.ActiveCfg = Debug|Any CPU
		{EF34909C-0F87-4834-A7A6-0A37D68FFB1D}.Debug|Any CPU.Build.0 = Debug|Any CPU
		{EF34909C-0F87-4834-A7A6-0A37D68FFB1D}.Release|Any CPU.ActiveCfg = Release|Any CPU
		{EF34909C-0F87-4834-A7A6-0A37D68FFB1D}.Release|Any CPU.Build.0 = Release|Any CPU
	EndGlobalSection
	GlobalSection(SolutionProperties) = preSolution
		HideSolutionNode = FALSE
	EndGlobalSection
	GlobalSection(ExtensibilityGlobals) = postSolution
		SolutionGuid = {C3281439-23E9-4A9D-8257-DD1950F8158A}
	EndGlobalSection
EndGlobal
